{
  "name": "lukecod.es",
  "version": "1.0.0",
  "lockfileVersion": 1,
  "requires": true,
  "dependencies": {
    "git-directory-deploy": {
      "version": "1.5.1",
      "resolved": "https://registry.npmjs.org/git-directory-deploy/-/git-directory-deploy-1.5.1.tgz",
      "integrity": "sha1-xPrYwnDWeNXzCfvd6sHtpgytf9I=",
      "dev": true,
      "requires": {
        "lodash": "4.17.10",
        "minimist": "1.2.0"
      }
    },
    "json": {
      "version": "9.0.6",
      "resolved": "https://registry.npmjs.org/json/-/json-9.0.6.tgz",
      "integrity": "sha1-eXLCpaSKQmeNsnMMfCxO5uTiRYU=",
      "dev": true
    },
    "lodash": {
      "version": "4.17.10",
      "resolved": "https://registry.npmjs.org/lodash/-/lodash-4.17.10.tgz",
      "integrity": "sha512-UejweD1pDoXu+AD825lWwp4ZGtSwgnpZxb3JDViD7StjQz+Nb/6l093lx4OQ0foGWNRoc19mWy7BzL+UAK2iVg==",
      "dev": true
    },
    "minimist": {
      "version": "1.2.0",
      "resolved": "https://registry.npmjs.org/minimist/-/minimist-1.2.0.tgz",
      "integrity": "sha1-o1AIsg9BOD7sH7kU9M1d95omQoQ=",
      "dev": true
    }
  }
}
